
Microsoft Visual Studio Solution File, Format Version 12.00
# Visual Studio Version 17
VisualStudioVersion = 17.2.32616.157
MinimumVisualStudioVersion = 10.0.40219.1
Project("{9A19103F-16F7-4668-BE54-9A1E7A4F7556}") = "BlazorEcommerce.Server", "BlazorEcommerce\Server\BlazorEcommerce.Server.csproj", "{B8F6C55D-07EC-4C29-A7E1-3B387D89CB1D}"
EndProject
Project("{9A19103F-16F7-4668-BE54-9A1E7A4F7556}") = "BlazorEcommerce.Client", "BlazorEcommerce\Client\BlazorEcommerce.Client.csproj", "{84EB6E25-2E72-4EFE-8D51-C9D276F8F49F}"
EndProject
Project("{9A19103F-16F7-4668-BE54-9A1E7A4F7556}") = "BlazorEcommerce.Shared", "BlazorEcommerce\Shared\BlazorEcommerce.Shared.csproj", "{3CF6F665-EB93-4046-B5F1-E75F2C3E348A}"
EndProject
Global
	GlobalSection(SolutionConfigurationPlatforms) = preSolution
		Debug|Any CPU = Debug|Any CPU
		Release|Any CPU = Release|Any CPU
	EndGlobalSection
	GlobalSection(ProjectConfigurationPlatforms) = postSolution
		{B8F6C55D-07EC-4C29-A7E1-3B387D89CB1D}.Debug|Any CPU.ActiveCfg = Debug|Any CPU
		{B8F6C55D-07EC-4C29-A7E1-3B387D89CB1D}.Debug|Any CPU.Build.0 = Debug|Any CPU
		{B8F6C55D-07EC-4C29-A7E1-3B387D89CB1D}.Release|Any CPU.ActiveCfg = Release|Any CPU
		{B8F6C55D-07EC-4C29-A7E1-3B387D89CB1D}.Release|Any CPU.Build.0 = Release|Any CPU
		{84EB6E25-2E72-4EFE-8D51-C9D276F8F49F}.Debug|Any CPU.ActiveCfg = Debug|Any CPU
		{84EB6E25-2E72-4EFE-8D51-C9D276F8F49F}.Debug|Any CPU.Build.0 = Debug|Any CPU
		{84EB6E25-2E72-4EFE-8D51-C9D276F8F49F}.Release|Any CPU.ActiveCfg = Release|Any CPU
		{84EB6E25-2E72-4EFE-8D51-C9D276F8F49F}.Release|Any CPU.Build.0 = Release|Any CPU
		{3CF6F665-EB93-4046-B5F1-E75F2C3E348A}.Debug|Any CPU.ActiveCfg = Debug|Any CPU
		{3CF6F665-EB93-4046-B5F1-E75F2C3E348A}.Debug|Any CPU.Build.0 = Debug|Any CPU
		{3CF6F665-EB93-4046-B5F1-E75F2C3E348A}.Release|Any CPU.ActiveCfg = Release|Any CPU
		{3CF6F665-EB93-4046-B5F1-E75F2C3E348A}.Release|Any CPU.Build.0 = Release|Any CPU
	EndGlobalSection
	GlobalSection(SolutionProperties) = preSolution
		HideSolutionNode = FALSE
	EndGlobalSection
	GlobalSection(ExtensibilityGlobals) = postSolution
		SolutionGuid = {AB169494-C366-4D3E-B99C-1758C26308D4}
	EndGlobalSection
EndGlobal
